
Microsoft Visual Studio Solution File, Format Version 12.00
# Visual Studio Version 17
VisualStudioVersion = 17.9.34723.18
MinimumVisualStudioVersion = 10.0.40219.1
Project("{8BC9CEB8-8B4A-11D0-8D11-00A0C91BC942}") = "chaos_hw_08", "chaos_hw_08.vcxproj", "{AD72A768-16AE-4D41-9421-E9DEE9095ABE}"
EndProject
Global
	GlobalSection(SolutionConfigurationPlatforms) = preSolution
		Debug|x64 = Debug|x64
		Debug|x86 = Debug|x86
		Release|x64 = Release|x64
		Release|x86 = Release|x86
	EndGlobalSection
	GlobalSection(ProjectConfigurationPlatforms) = postSolution
		{AD72A768-16AE-4D41-9421-E9DEE9095ABE}.Debug|x64.ActiveCfg = Debug|x64
		{AD72A768-16AE-4D41-9421-E9DEE9095ABE}.Debug|x64.Build.0 = Debug|x64
		{AD72A768-16AE-4D41-9421-E9DEE9095ABE}.Debug|x86.ActiveCfg = Debug|Win32
		{AD72A768-16AE-4D41-9421-E9DEE9095ABE}.Debug|x86.Build.0 = Debug|Win32
		{AD72A768-16AE-4D41-9421-E9DEE9095ABE}.Release|x64.ActiveCfg = Release|x64
		{AD72A768-16AE-4D41-9421-E9DEE9095ABE}.Release|x64.Build.0 = Release|x64
		{AD72A768-16AE-4D41-9421-E9DEE9095ABE}.Release|x86.ActiveCfg = Release|Win32
		{AD72A768-16AE-4D41-9421-E9DEE9095ABE}.Release|x86.Build.0 = Release|Win32
	EndGlobalSection
	GlobalSection(SolutionProperties) = preSolution
		HideSolutionNode = FALSE
	EndGlobalSection
	GlobalSection(ExtensibilityGlobals) = postSolution
		SolutionGuid = {E23B1AF9-A676-4312-BA47-6EA3DECE5F9A}
	EndGlobalSection
EndGlobal
